// !$*UTF8*$!
{
	archiveVersion = 1;
	classes = {
	};
	objectVersion = 56;
	objects = {

/* Begin PBXAggregateTarget section */
		F004810D2AB13D380073F738 /* XCFramework */ = {
			isa = PBXAggregateTarget;
			buildConfigurationList = F004810E2AB13D380073F738 /* Build configuration list for PBXAggregateTarget "XCFramework" */;
			buildPhases = (
				F00481112AB13D3B0073F738 /* ShellScript */,
			);
			dependencies = (
			);
			name = XCFramework;
			productName = XCFramework;
		};
/* End PBXAggregateTarget section */

/* Begin PBXGroup section */
		F00480FE2AB13CB00073F738 = {
			isa = PBXGroup;
			children = (
			);
			sourceTree = "<group>";
		};
/* End PBXGroup section */

/* Begin PBXProject section */
		F00480FF2AB13CB00073F738 /* Project object */ = {
			isa = PBXProject;
			attributes = {
				BuildIndependentTargetsInParallel = 1;
				LastUpgradeCheck = 1500;
				TargetAttributes = {
					F004810D2AB13D380073F738 = {
						CreatedOnToolsVersion = 15.0;
					};
				};
			};
			buildConfigurationList = F00481022AB13CB00073F738 /* Build configuration list for PBXProject "RealmCore" */;
			compatibilityVersion = "Xcode 14.0";
			developmentRegion = en;
			hasScannedForEncodings = 0;
			knownRegions = (
				en,
				Base,
			);
			mainGroup = F00480FE2AB13CB00073F738;
			projectDirPath = "";
			projectRoot = "";
			targets = (
				F004810D2AB13D380073F738 /* XCFramework */,
			);
		};
/* End PBXProject section */

/* Begin PBXShellScriptBuildPhase section */
		F00481112AB13D3B0073F738 /* ShellScript */ = {
			isa = PBXShellScriptBuildPhase;
			alwaysOutOfDate = 1;
			buildActionMask = 2147483647;
			files = (
			);
			inputFileListPaths = (
			);
			inputPaths = (
			);
			outputFileListPaths = (
			);
			outputPaths = (
			);
			runOnlyForDeploymentPostprocessing = 0;
			shellPath = /bin/sh;
			shellScript = "export PATH=\"/opt/homebrew/bin:$PATH\"\n\nif ! command -v cmake &> /dev/null\nthen\n    echo \"cmake could not be found.\"\n    exit 1\nfi\n\nenv -i PROJECT_DIR=\"${PROJECT_DIR}\" PATH=\"$PATH\" /bin/sh -c '\"${PROJECT_DIR}/tools/build-cocoa.sh\" -b'\n";
		};
/* End PBXShellScriptBuildPhase section */

/* Begin XCBuildConfiguration section */
		F00481032AB13CB00073F738 /* Debug */ = {
			isa = XCBuildConfiguration;
			buildSettings = {
				ALLOW_TARGET_PLATFORM_SPECIALIZATION = YES;
				SUPPORTED_PLATFORMS = "xrsimulator xros watchsimulator watchos macosx iphonesimulator iphoneos driverkit appletvsimulator appletvos";
				SUPPORTS_MACCATALYST = YES;
			};
			name = Debug;
		};
		F00481042AB13CB00073F738 /* Release */ = {
			isa = XCBuildConfiguration;
			buildSettings = {
				ALLOW_TARGET_PLATFORM_SPECIALIZATION = YES;
				SUPPORTED_PLATFORMS = "xrsimulator xros watchsimulator watchos macosx iphonesimulator iphoneos driverkit appletvsimulator appletvos";
				SUPPORTS_MACCATALYST = YES;
			};
			name = Release;
		};
		F004810F2AB13D380073F738 /* Debug */ = {
			isa = XCBuildConfiguration;
			buildSettings = {
				CODE_SIGN_STYLE = Automatic;
				PRODUCT_NAME = "$(TARGET_NAME)";
			};
			name = Debug;
		};
		F00481102AB13D380073F738 /* Release */ = {
			isa = XCBuildConfiguration;
			buildSettings = {
				CODE_SIGN_STYLE = Automatic;
				PRODUCT_NAME = "$(TARGET_NAME)";
			};
			name = Release;
		};
/* End XCBuildConfiguration section */

/* Begin XCConfigurationList section */
		F00481022AB13CB00073F738 /* Build configuration list for PBXProject "RealmCore" */ = {
			isa = XCConfigurationList;
			buildConfigurations = (
				F00481032AB13CB00073F738 /* Debug */,
				F00481042AB13CB00073F738 /* Release */,
			);
			defaultConfigurationIsVisible = 0;
			defaultConfigurationName = Release;
		};
		F004810E2AB13D380073F738 /* Build configuration list for PBXAggregateTarget "XCFramework" */ = {
			isa = XCConfigurationList;
			buildConfigurations = (
				F004810F2AB13D380073F738 /* Debug */,
				F00481102AB13D380073F738 /* Release */,
			);
			defaultConfigurationIsVisible = 0;
			defaultConfigurationName = Release;
		};
/* End XCConfigurationList section */
	};
	rootObject = F00480FF2AB13CB00073F738 /* Project object */;
}
